
Microsoft Visual Studio Solution File, Format Version 12.00
# Visual Studio Version 17
VisualStudioVersion = 17.9.34622.214
MinimumVisualStudioVersion = 10.0.40219.1
Project("{9A19103F-16F7-4668-BE54-9A1E7A4F7556}") = "Business", "Business\Business.csproj", "{6639DE3C-EB59-4041-9EDF-FF3B99816EAE}"
EndProject
Project("{9A19103F-16F7-4668-BE54-9A1E7A4F7556}") = "ConsoleUI", "ConsoleUI\ConsoleUI.csproj", "{C25B83C0-1703-4958-9C5E-24712B0C2F0F}"
EndProject
Project("{9A19103F-16F7-4668-BE54-9A1E7A4F7556}") = "WebAPI", "WebAPI\WebAPI.csproj", "{0F2DB60D-B269-4F69-BF62-4E94136220EC}"
EndProject
Project("{9A19103F-16F7-4668-BE54-9A1E7A4F7556}") = "Core", "Core\Core.csproj", "{1B889055-2912-4DDB-A9BE-6B60AF7EC362}"
EndProject
Project("{9A19103F-16F7-4668-BE54-9A1E7A4F7556}") = "DataAccess", "DataAccess\DataAccess.csproj", "{6FCD2DC8-7AE9-4905-97F8-555A4E4A2724}"
EndProject
Project("{FAE04EC0-301F-11D3-BF4B-00C04F79EFBC}") = "Entities", "Entities\Entities.csproj", "{8E9587B0-F7DA-4E09-8A0E-5BF67657F899}"
EndProject
Global
	GlobalSection(SolutionConfigurationPlatforms) = preSolution
		Debug|Any CPU = Debug|Any CPU
		Release|Any CPU = Release|Any CPU
	EndGlobalSection
	GlobalSection(ProjectConfigurationPlatforms) = postSolution
		{6639DE3C-EB59-4041-9EDF-FF3B99816EAE}.Debug|Any CPU.ActiveCfg = Debug|Any CPU
		{6639DE3C-EB59-4041-9EDF-FF3B99816EAE}.Debug|Any CPU.Build.0 = Debug|Any CPU
		{6639DE3C-EB59-4041-9EDF-FF3B99816EAE}.Release|Any CPU.ActiveCfg = Release|Any CPU
		{6639DE3C-EB59-4041-9EDF-FF3B99816EAE}.Release|Any CPU.Build.0 = Release|Any CPU
		{C25B83C0-1703-4958-9C5E-24712B0C2F0F}.Debug|Any CPU.ActiveCfg = Debug|Any CPU
		{C25B83C0-1703-4958-9C5E-24712B0C2F0F}.Debug|Any CPU.Build.0 = Debug|Any CPU
		{C25B83C0-1703-4958-9C5E-24712B0C2F0F}.Release|Any CPU.ActiveCfg = Release|Any CPU
		{C25B83C0-1703-4958-9C5E-24712B0C2F0F}.Release|Any CPU.Build.0 = Release|Any CPU
		{0F2DB60D-B269-4F69-BF62-4E94136220EC}.Debug|Any CPU.ActiveCfg = Debug|Any CPU
		{0F2DB60D-B269-4F69-BF62-4E94136220EC}.Debug|Any CPU.Build.0 = Debug|Any CPU
		{0F2DB60D-B269-4F69-BF62-4E94136220EC}.Release|Any CPU.ActiveCfg = Release|Any CPU
		{0F2DB60D-B269-4F69-BF62-4E94136220EC}.Release|Any CPU.Build.0 = Release|Any CPU
		{1B889055-2912-4DDB-A9BE-6B60AF7EC362}.Debug|Any CPU.ActiveCfg = Debug|Any CPU
		{1B889055-2912-4DDB-A9BE-6B60AF7EC362}.Debug|Any CPU.Build.0 = Debug|Any CPU
		{1B889055-2912-4DDB-A9BE-6B60AF7EC362}.Release|Any CPU.ActiveCfg = Release|Any CPU
		{1B889055-2912-4DDB-A9BE-6B60AF7EC362}.Release|Any CPU.Build.0 = Release|Any CPU
		{6FCD2DC8-7AE9-4905-97F8-555A4E4A2724}.Debug|Any CPU.ActiveCfg = Debug|Any CPU
		{6FCD2DC8-7AE9-4905-97F8-555A4E4A2724}.Debug|Any CPU.Build.0 = Debug|Any CPU
		{6FCD2DC8-7AE9-4905-97F8-555A4E4A2724}.Release|Any CPU.ActiveCfg = Release|Any CPU
		{6FCD2DC8-7AE9-4905-97F8-555A4E4A2724}.Release|Any CPU.Build.0 = Release|Any CPU
		{8E9587B0-F7DA-4E09-8A0E-5BF67657F899}.Debug|Any CPU.ActiveCfg = Debug|Any CPU
		{8E9587B0-F7DA-4E09-8A0E-5BF67657F899}.Debug|Any CPU.Build.0 = Debug|Any CPU
		{8E9587B0-F7DA-4E09-8A0E-5BF67657F899}.Release|Any CPU.ActiveCfg = Release|Any CPU
		{8E9587B0-F7DA-4E09-8A0E-5BF67657F899}.Release|Any CPU.Build.0 = Release|Any CPU
	EndGlobalSection
	GlobalSection(SolutionProperties) = preSolution
		HideSolutionNode = FALSE
	EndGlobalSection
	GlobalSection(ExtensibilityGlobals) = postSolution
		SolutionGuid = {569A8A86-AE33-405D-A9A6-7A405469B445}
	EndGlobalSection
EndGlobal
